
Microsoft Visual Studio Solution File, Format Version 12.00
# Visual Studio Version 17
VisualStudioVersion = 17.4.33205.214
MinimumVisualStudioVersion = 10.0.40219.1
Project("{9A19103F-16F7-4668-BE54-9A1E7A4F7556}") = "POSEdge.Employee", "POSEdge.Employee\POSEdge.Employee.csproj", "{F81224D7-D429-4CA0-83C8-4D3F766CE82D}"
EndProject
Project("{9A19103F-16F7-4668-BE54-9A1E7A4F7556}") = "POSEdge.Employee.Domain", "POSEdge.Employee.Domain\POSEdge.Employee.Domain.csproj", "{AB01CB08-C50E-4F57-A8DA-73CEA9894D8C}"
EndProject
Project("{9A19103F-16F7-4668-BE54-9A1E7A4F7556}") = "POSEdge.Employee.Application", "POSEdge.Employee.Application\POSEdge.Employee.Application.csproj", "{529F4129-97CD-4902-A9A1-E340895C831F}"
EndProject
Project("{9A19103F-16F7-4668-BE54-9A1E7A4F7556}") = "POSEdge.Employee.Infrastructure", "POSEdge.Employee.Infrastructure\POSEdge.Employee.Infrastructure.csproj", "{30BA4EB4-873F-414A-A044-7EEA1ED7B8D3}"
EndProject
Global
	GlobalSection(SolutionConfigurationPlatforms) = preSolution
		Debug|Any CPU = Debug|Any CPU
		Release|Any CPU = Release|Any CPU
	EndGlobalSection
	GlobalSection(ProjectConfigurationPlatforms) = postSolution
		{F81224D7-D429-4CA0-83C8-4D3F766CE82D}.Debug|Any CPU.ActiveCfg = Debug|Any CPU
		{F81224D7-D429-4CA0-83C8-4D3F766CE82D}.Debug|Any CPU.Build.0 = Debug|Any CPU
		{F81224D7-D429-4CA0-83C8-4D3F766CE82D}.Release|Any CPU.ActiveCfg = Release|Any CPU
		{F81224D7-D429-4CA0-83C8-4D3F766CE82D}.Release|Any CPU.Build.0 = Release|Any CPU
		{AB01CB08-C50E-4F57-A8DA-73CEA9894D8C}.Debug|Any CPU.ActiveCfg = Debug|Any CPU
		{AB01CB08-C50E-4F57-A8DA-73CEA9894D8C}.Debug|Any CPU.Build.0 = Debug|Any CPU
		{AB01CB08-C50E-4F57-A8DA-73CEA9894D8C}.Release|Any CPU.ActiveCfg = Release|Any CPU
		{AB01CB08-C50E-4F57-A8DA-73CEA9894D8C}.Release|Any CPU.Build.0 = Release|Any CPU
		{529F4129-97CD-4902-A9A1-E340895C831F}.Debug|Any CPU.ActiveCfg = Debug|Any CPU
		{529F4129-97CD-4902-A9A1-E340895C831F}.Debug|Any CPU.Build.0 = Debug|Any CPU
		{529F4129-97CD-4902-A9A1-E340895C831F}.Release|Any CPU.ActiveCfg = Release|Any CPU
		{529F4129-97CD-4902-A9A1-E340895C831F}.Release|Any CPU.Build.0 = Release|Any CPU
		{30BA4EB4-873F-414A-A044-7EEA1ED7B8D3}.Debug|Any CPU.ActiveCfg = Debug|Any CPU
		{30BA4EB4-873F-414A-A044-7EEA1ED7B8D3}.Debug|Any CPU.Build.0 = Debug|Any CPU
		{30BA4EB4-873F-414A-A044-7EEA1ED7B8D3}.Release|Any CPU.ActiveCfg = Release|Any CPU
		{30BA4EB4-873F-414A-A044-7EEA1ED7B8D3}.Release|Any CPU.Build.0 = Release|Any CPU
	EndGlobalSection
	GlobalSection(SolutionProperties) = preSolution
		HideSolutionNode = FALSE
	EndGlobalSection
	GlobalSection(ExtensibilityGlobals) = postSolution
		SolutionGuid = {7AD2AFD9-C3D5-41E3-B822-AF5A01C43F16}
	EndGlobalSection
EndGlobal
